
Microsoft Visual Studio Solution File, Format Version 12.00
# Visual Studio 15
VisualStudioVersion = 15.0.27130.2010
MinimumVisualStudioVersion = 10.0.40219.1
Project("{9A19103F-16F7-4668-BE54-9A1E7A4F7556}") = "Glabsiennsoft.WebApi", "Glabsiennsoft.WebApi\Glabsiennsoft.WebApi.csproj", "{39D119CC-198F-43D8-9BF3-8689F1E423BB}"
EndProject
Project("{FAE04EC0-301F-11D3-BF4B-00C04F79EFBC}") = "Glabsiennsoft.DataRepository", "Glabsiennsoft.DataRepository\Glabsiennsoft.DataRepository.csproj", "{61376108-FAA6-4B5D-850E-9DBDF1BD81CB}"
EndProject
Project("{9A19103F-16F7-4668-BE54-9A1E7A4F7556}") = "Glabsiennsoft.Contracts", "Glabsiennsoft.Contracts\Glabsiennsoft.Contracts.csproj", "{56F15657-3690-4409-80EC-6FD6A2BEB43D}"
EndProject
Global
	GlobalSection(SolutionConfigurationPlatforms) = preSolution
		Debug|Any CPU = Debug|Any CPU
		Release|Any CPU = Release|Any CPU
	EndGlobalSection
	GlobalSection(ProjectConfigurationPlatforms) = postSolution
		{39D119CC-198F-43D8-9BF3-8689F1E423BB}.Debug|Any CPU.ActiveCfg = Debug|Any CPU
		{39D119CC-198F-43D8-9BF3-8689F1E423BB}.Debug|Any CPU.Build.0 = Debug|Any CPU
		{39D119CC-198F-43D8-9BF3-8689F1E423BB}.Release|Any CPU.ActiveCfg = Release|Any CPU
		{39D119CC-198F-43D8-9BF3-8689F1E423BB}.Release|Any CPU.Build.0 = Release|Any CPU
		{61376108-FAA6-4B5D-850E-9DBDF1BD81CB}.Debug|Any CPU.ActiveCfg = Debug|Any CPU
		{61376108-FAA6-4B5D-850E-9DBDF1BD81CB}.Debug|Any CPU.Build.0 = Debug|Any CPU
		{61376108-FAA6-4B5D-850E-9DBDF1BD81CB}.Release|Any CPU.ActiveCfg = Release|Any CPU
		{61376108-FAA6-4B5D-850E-9DBDF1BD81CB}.Release|Any CPU.Build.0 = Release|Any CPU
		{56F15657-3690-4409-80EC-6FD6A2BEB43D}.Debug|Any CPU.ActiveCfg = Debug|Any CPU
		{56F15657-3690-4409-80EC-6FD6A2BEB43D}.Debug|Any CPU.Build.0 = Debug|Any CPU
		{56F15657-3690-4409-80EC-6FD6A2BEB43D}.Release|Any CPU.ActiveCfg = Release|Any CPU
		{56F15657-3690-4409-80EC-6FD6A2BEB43D}.Release|Any CPU.Build.0 = Release|Any CPU
	EndGlobalSection
	GlobalSection(SolutionProperties) = preSolution
		HideSolutionNode = FALSE
	EndGlobalSection
	GlobalSection(ExtensibilityGlobals) = postSolution
		SolutionGuid = {275EF729-C9EB-4CEB-8BCE-A060C12A92B5}
	EndGlobalSection
EndGlobal
